// !$*UTF8*$!
{
	archiveVersion = 1;
	classes = {
	};
	objectVersion = 56;
	objects = {

/* Begin PBXBuildFile section */
		B1000011000000000000001 /* main.swift in Sources */ = {isa = PBXBuildFile; fileRef = B1000001000000000000001 /* main.swift */; };
		B1000012000000000000001 /* AppDelegate.swift in Sources */ = {isa = PBXBuildFile; fileRef = B1000002000000000000001 /* AppDelegate.swift */; };
		B1000013000000000000001 /* HotKeyManager.swift in Sources */ = {isa = PBXBuildFile; fileRef = B1000003000000000000001 /* HotKeyManager.swift */; };
		B1000014000000000000001 /* ShortcutSettings.swift in Sources */ = {isa = PBXBuildFile; fileRef = B1000004000000000000001 /* ShortcutSettings.swift */; };
		B1000015000000000000001 /* SettingsView.swift in Sources */ = {isa = PBXBuildFile; fileRef = B1000005000000000000001 /* SettingsView.swift */; };
		B1000016000000000000001 /* Capture.swift in Sources */ = {isa = PBXBuildFile; fileRef = B1000006000000000000001 /* Capture.swift */; };
		B1000017000000000000001 /* Preprocess.swift in Sources */ = {isa = PBXBuildFile; fileRef = B1000007000000000000001 /* Preprocess.swift */; };
		B1000018000000000000001 /* OCREngine.swift in Sources */ = {isa = PBXBuildFile; fileRef = B1000008000000000000001 /* OCREngine.swift */; };
		B1000019000000000000001 /* ResultWindow.swift in Sources */ = {isa = PBXBuildFile; fileRef = B1000009000000000000001 /* ResultWindow.swift */; };
		B1000030000000000000001 /* Assets.xcassets in Resources */ = {isa = PBXBuildFile; fileRef = B1000031000000000000001 /* Assets.xcassets */; };
		B1000040000000000000001 /* Log.swift in Sources */ = {isa = PBXBuildFile; fileRef = B1000041000000000000001 /* Log.swift */; };
		B1000050000000000000001 /* Notify.swift in Sources */ = {isa = PBXBuildFile; fileRef = B1000051000000000000001 /* Notify.swift */; };
/* End PBXBuildFile section */

/* Begin PBXFileReference section */
		B1000001000000000000001 /* main.swift */ = {isa = PBXFileReference; lastKnownFileType = sourcecode.swift; path = main.swift; sourceTree = "<group>"; };
		B1000002000000000000001 /* AppDelegate.swift */ = {isa = PBXFileReference; lastKnownFileType = sourcecode.swift; path = AppDelegate.swift; sourceTree = "<group>"; };
		B1000003000000000000001 /* HotKeyManager.swift */ = {isa = PBXFileReference; lastKnownFileType = sourcecode.swift; path = HotKeyManager.swift; sourceTree = "<group>"; };
		B1000004000000000000001 /* ShortcutSettings.swift */ = {isa = PBXFileReference; lastKnownFileType = sourcecode.swift; path = ShortcutSettings.swift; sourceTree = "<group>"; };
		B1000005000000000000001 /* SettingsView.swift */ = {isa = PBXFileReference; lastKnownFileType = sourcecode.swift; path = SettingsView.swift; sourceTree = "<group>"; };
		B1000006000000000000001 /* Capture.swift */ = {isa = PBXFileReference; lastKnownFileType = sourcecode.swift; path = Capture.swift; sourceTree = "<group>"; };
		B1000007000000000000001 /* Preprocess.swift */ = {isa = PBXFileReference; lastKnownFileType = sourcecode.swift; path = Preprocess.swift; sourceTree = "<group>"; };
		B1000008000000000000001 /* OCREngine.swift */ = {isa = PBXFileReference; lastKnownFileType = sourcecode.swift; path = OCREngine.swift; sourceTree = "<group>"; };
		B1000009000000000000001 /* ResultWindow.swift */ = {isa = PBXFileReference; lastKnownFileType = sourcecode.swift; path = ResultWindow.swift; sourceTree = "<group>"; };
		B1000051000000000000001 /* Notify.swift */ = {isa = PBXFileReference; lastKnownFileType = sourcecode.swift; path = Notify.swift; sourceTree = "<group>"; };
		B1000041000000000000001 /* Log.swift */ = {isa = PBXFileReference; lastKnownFileType = sourcecode.swift; path = Log.swift; sourceTree = "<group>"; };
		B1000031000000000000001 /* Assets.xcassets */ = {isa = PBXFileReference; lastKnownFileType = folder.assetcatalog; path = Assets.xcassets; sourceTree = "<group>"; };
		B100000A000000000000001 /* Info.plist */ = {isa = PBXFileReference; lastKnownFileType = text.plist.xml; path = Info.plist; sourceTree = "<group>"; };
		B100000B000000000000001 /* TextLift.app */ = {isa = PBXFileReference; explicitFileType = wrapper.application; includeInIndex = 0; path = TextLift.app; sourceTree = BUILT_PRODUCTS_DIR; };
/* End PBXFileReference section */

/* Begin PBXFrameworksBuildPhase section */
		B100000C000000000000001 /* Frameworks */ = {
			isa = PBXFrameworksBuildPhase;
			buildActionMask = 2147483647;
			files = (
			);
			runOnlyForDeploymentPostprocessing = 0;
		};
/* End PBXFrameworksBuildPhase section */

/* Begin PBXResourcesBuildPhase section */
		B1000032000000000000001 /* Resources */ = {
			isa = PBXResourcesBuildPhase;
			buildActionMask = 2147483647;
			files = (
				B1000030000000000000001 /* Assets.xcassets in Resources */,
			);
			runOnlyForDeploymentPostprocessing = 0;
		};
/* End PBXResourcesBuildPhase section */

/* Begin PBXGroup section */
		B100000D000000000000001 = {
			isa = PBXGroup;
			children = (
				B100000E000000000000001 /* TextLift */,
				B100000F000000000000001 /* Products */,
			);
			sourceTree = "<group>";
		};
		B100000E000000000000001 /* TextLift */ = {
			isa = PBXGroup;
			children = (
				B1000001000000000000001 /* main.swift */,
				B1000002000000000000001 /* AppDelegate.swift */,
				B1000003000000000000001 /* HotKeyManager.swift */,
				B1000004000000000000001 /* ShortcutSettings.swift */,
				B1000005000000000000001 /* SettingsView.swift */,
				B1000006000000000000001 /* Capture.swift */,
				B1000007000000000000001 /* Preprocess.swift */,
				B1000008000000000000001 /* OCREngine.swift */,
				B1000009000000000000001 /* ResultWindow.swift */,
				B1000041000000000000001 /* Log.swift */,
				B1000051000000000000001 /* Notify.swift */,
				B1000031000000000000001 /* Assets.xcassets */,
				B100000A000000000000001 /* Info.plist */,
			);
			path = TextLift;
			sourceTree = "<group>";
		};
		B100000F000000000000001 /* Products */ = {
			isa = PBXGroup;
			children = (
				B100000B000000000000001 /* TextLift.app */,
			);
			name = Products;
			sourceTree = "<group>";
		};
/* End PBXGroup section */

/* Begin PBXNativeTarget section */
		B1000010000000000000001 /* TextLift */ = {
			isa = PBXNativeTarget;
			buildConfigurationList = B1000020000000000000001 /* Build configuration list for PBXNativeTarget "TextLift" */;
			buildPhases = (
				B1000021000000000000001 /* Sources */,
				B100000C000000000000001 /* Frameworks */,
				B1000032000000000000001 /* Resources */,
			);
			buildRules = (
			);
			dependencies = (
			);
			name = TextLift;
			productName = TextLift;
			productReference = B100000B000000000000001 /* TextLift.app */;
			productType = "com.apple.product-type.application";
		};
/* End PBXNativeTarget section */

/* Begin PBXProject section */
		B1000022000000000000001 /* Project object */ = {
			isa = PBXProject;
			attributes = {
				BuildIndependentTargetsInParallel = 1;
				LastSwiftUpdateCheck = 2630;
				LastUpgradeCheck = 2630;
				TargetAttributes = {
					B1000010000000000000001 = {
						CreatedOnToolsVersion = 26.3;
					};
				};
			};
			buildConfigurationList = B1000023000000000000001 /* Build configuration list for PBXProject "TextLift" */;
			compatibilityVersion = "Xcode 14.0";
			developmentRegion = en;
			hasScannedForEncodings = 0;
			knownRegions = (
				en,
				Base,
			);
			mainGroup = B100000D000000000000001;
			productRefGroup = B100000F000000000000001 /* Products */;
			projectDirPath = "";
			projectRoot = "";
			targets = (
				B1000010000000000000001 /* TextLift */,
			);
		};
/* End PBXProject section */

/* Begin PBXSourcesBuildPhase section */
		B1000021000000000000001 /* Sources */ = {
			isa = PBXSourcesBuildPhase;
			buildActionMask = 2147483647;
			files = (
				B1000011000000000000001 /* main.swift in Sources */,
				B1000012000000000000001 /* AppDelegate.swift in Sources */,
				B1000013000000000000001 /* HotKeyManager.swift in Sources */,
				B1000014000000000000001 /* ShortcutSettings.swift in Sources */,
				B1000015000000000000001 /* SettingsView.swift in Sources */,
				B1000016000000000000001 /* Capture.swift in Sources */,
				B1000017000000000000001 /* Preprocess.swift in Sources */,
				B1000018000000000000001 /* OCREngine.swift in Sources */,
				B1000019000000000000001 /* ResultWindow.swift in Sources */,
				B1000040000000000000001 /* Log.swift in Sources */,
				B1000050000000000000001 /* Notify.swift in Sources */,
			);
			runOnlyForDeploymentPostprocessing = 0;
		};
/* End PBXSourcesBuildPhase section */

/* Begin XCBuildConfiguration section */
		B1000024000000000000001 /* Debug */ = {
			isa = XCBuildConfiguration;
			buildSettings = {
				ALWAYS_SEARCH_USER_PATHS = NO;
				CLANG_ENABLE_MODULES = YES;
				CLANG_ENABLE_OBJC_ARC = YES;
				COPY_PHASE_STRIP = NO;
				DEBUG_INFORMATION_FORMAT = dwarf;
				ENABLE_STRICT_OBJC_MSGSEND = YES;
				ENABLE_TESTABILITY = YES;
				GCC_DYNAMIC_NO_PIC = NO;
				GCC_OPTIMIZATION_LEVEL = 0;
				GCC_PREPROCESSOR_DEFINITIONS = (
					"DEBUG=1",
					"$(inherited)",
				);
				MACOSX_DEPLOYMENT_TARGET = 26.0;
				ONLY_ACTIVE_ARCH = YES;
				SDKROOT = macosx;
				SWIFT_ACTIVE_COMPILATION_CONDITIONS = DEBUG;
				SWIFT_OPTIMIZATION_LEVEL = "-Onone";
			};
			name = Debug;
		};
		B1000025000000000000001 /* Release */ = {
			isa = XCBuildConfiguration;
			buildSettings = {
				ALWAYS_SEARCH_USER_PATHS = NO;
				CLANG_ENABLE_MODULES = YES;
				CLANG_ENABLE_OBJC_ARC = YES;
				COPY_PHASE_STRIP = NO;
				DEBUG_INFORMATION_FORMAT = "dwarf-with-dsym";
				ENABLE_STRICT_OBJC_MSGSEND = YES;
				GCC_OPTIMIZATION_LEVEL = s;
				MACOSX_DEPLOYMENT_TARGET = 26.0;
				SDKROOT = macosx;
				SWIFT_COMPILATION_MODE = wholemodule;
				SWIFT_OPTIMIZATION_LEVEL = "-O";
			};
			name = Release;
		};
		B1000026000000000000001 /* Debug */ = {
			isa = XCBuildConfiguration;
			buildSettings = {
				ASSETCATALOG_COMPILER_APPICON_NAME = AppIcon;
				CODE_SIGN_STYLE = Automatic;
				COMBINE_HIDPI_IMAGES = YES;
				CURRENT_PROJECT_VERSION = 1;
				ENABLE_HARDENED_RUNTIME = YES;
				INFOPLIST_FILE = TextLift/Info.plist;
				LD_RUNPATH_SEARCH_PATHS = (
					"$(inherited)",
					"@executable_path/../Frameworks",
				);
				MARKETING_VERSION = 1.0;
				PRODUCT_BUNDLE_IDENTIFIER = com.dnz.lift;
				PRODUCT_NAME = "$(TARGET_NAME)";
				SWIFT_VERSION = 5.0;
			};
			name = Debug;
		};
		B1000027000000000000001 /* Release */ = {
			isa = XCBuildConfiguration;
			buildSettings = {
				ASSETCATALOG_COMPILER_APPICON_NAME = AppIcon;
				CODE_SIGN_STYLE = Automatic;
				COMBINE_HIDPI_IMAGES = YES;
				CURRENT_PROJECT_VERSION = 1;
				ENABLE_HARDENED_RUNTIME = YES;
				INFOPLIST_FILE = TextLift/Info.plist;
				LD_RUNPATH_SEARCH_PATHS = (
					"$(inherited)",
					"@executable_path/../Frameworks",
				);
				MARKETING_VERSION = 1.0;
				PRODUCT_BUNDLE_IDENTIFIER = com.dnz.lift;
				PRODUCT_NAME = "$(TARGET_NAME)";
				SWIFT_VERSION = 5.0;
			};
			name = Release;
		};
/* End XCBuildConfiguration section */

/* Begin XCConfigurationList section */
		B1000023000000000000001 /* Build configuration list for PBXProject "TextLift" */ = {
			isa = XCConfigurationList;
			buildConfigurations = (
				B1000024000000000000001 /* Debug */,
				B1000025000000000000001 /* Release */,
			);
			defaultConfigurationIsVisible = 0;
			defaultConfigurationName = Release;
		};
		B1000020000000000000001 /* Build configuration list for PBXNativeTarget "TextLift" */ = {
			isa = XCConfigurationList;
			buildConfigurations = (
				B1000026000000000000001 /* Debug */,
				B1000027000000000000001 /* Release */,
			);
			defaultConfigurationIsVisible = 0;
			defaultConfigurationName = Release;
		};
/* End XCConfigurationList section */
	};
	rootObject = B1000022000000000000001 /* Project object */;
}
